
Microsoft Visual Studio Solution File, Format Version 12.00
# Visual Studio Version 17
VisualStudioVersion = 17.14.36119.2 d17.14
MinimumVisualStudioVersion = 10.0.40219.1
Project("{FAE04EC0-301F-11D3-BF4B-00C04F79EFBC}") = "DPM225461_NguyenThiBichQuan_MyWorld12_ImageLoader", "DPM225461_NguyenThiBichQuan_MyWorld12_ImageLoader.csproj", "{0546546C-CC15-436A-B6E8-9CD2AFE20785}"
EndProject
Global
	GlobalSection(SolutionConfigurationPlatforms) = preSolution
		Debug|Any CPU = Debug|Any CPU
		Release|Any CPU = Release|Any CPU
	EndGlobalSection
	GlobalSection(ProjectConfigurationPlatforms) = postSolution
		{0546546C-CC15-436A-B6E8-9CD2AFE20785}.Debug|Any CPU.ActiveCfg = Debug|Any CPU
		{0546546C-CC15-436A-B6E8-9CD2AFE20785}.Debug|Any CPU.Build.0 = Debug|Any CPU
		{0546546C-CC15-436A-B6E8-9CD2AFE20785}.Release|Any CPU.ActiveCfg = Release|Any CPU
		{0546546C-CC15-436A-B6E8-9CD2AFE20785}.Release|Any CPU.Build.0 = Release|Any CPU
	EndGlobalSection
	GlobalSection(SolutionProperties) = preSolution
		HideSolutionNode = FALSE
	EndGlobalSection
	GlobalSection(ExtensibilityGlobals) = postSolution
		SolutionGuid = {38E8ABFD-D4F0-414D-8421-9A0C3ABE02A7}
	EndGlobalSection
EndGlobal
