
Microsoft Visual Studio Solution File, Format Version 12.00
# Visual Studio Version 17
VisualStudioVersion = 17.11.35327.3
MinimumVisualStudioVersion = 10.0.40219.1
Project("{FAE04EC0-301F-11D3-BF4B-00C04F79EFBC}") = "DPM225493_NguyenThienTri_MyWorld13_RefundHandler", "DPM225493_NguyenThienTri_MyWorld13_RefundHandler.csproj", "{72271E8B-E15E-4D75-8A53-3A6FFABAC057}"
EndProject
Global
	GlobalSection(SolutionConfigurationPlatforms) = preSolution
		Debug|Any CPU = Debug|Any CPU
		Release|Any CPU = Release|Any CPU
	EndGlobalSection
	GlobalSection(ProjectConfigurationPlatforms) = postSolution
		{72271E8B-E15E-4D75-8A53-3A6FFABAC057}.Debug|Any CPU.ActiveCfg = Debug|Any CPU
		{72271E8B-E15E-4D75-8A53-3A6FFABAC057}.Debug|Any CPU.Build.0 = Debug|Any CPU
		{72271E8B-E15E-4D75-8A53-3A6FFABAC057}.Release|Any CPU.ActiveCfg = Release|Any CPU
		{72271E8B-E15E-4D75-8A53-3A6FFABAC057}.Release|Any CPU.Build.0 = Release|Any CPU
	EndGlobalSection
	GlobalSection(SolutionProperties) = preSolution
		HideSolutionNode = FALSE
	EndGlobalSection
	GlobalSection(ExtensibilityGlobals) = postSolution
		SolutionGuid = {28FE7CDB-7CB8-4EDD-A65E-4CD394773CFC}
	EndGlobalSection
EndGlobal
