
Microsoft Visual Studio Solution File, Format Version 12.00
# Visual Studio Version 17
VisualStudioVersion = 17.14.36119.2 d17.14
MinimumVisualStudioVersion = 10.0.40219.1
Project("{FAE04EC0-301F-11D3-BF4B-00C04F79EFBC}") = "DPM225461_NguyenThiBichQuan_Real18_SalesProspect", "DPM225461_NguyenThiBichQuan_Real18_SalesProspect.csproj", "{EC74050E-B2BE-4F69-9690-9B0155B09BAB}"
EndProject
Global
	GlobalSection(SolutionConfigurationPlatforms) = preSolution
		Debug|Any CPU = Debug|Any CPU
		Release|Any CPU = Release|Any CPU
	EndGlobalSection
	GlobalSection(ProjectConfigurationPlatforms) = postSolution
		{EC74050E-B2BE-4F69-9690-9B0155B09BAB}.Debug|Any CPU.ActiveCfg = Debug|Any CPU
		{EC74050E-B2BE-4F69-9690-9B0155B09BAB}.Debug|Any CPU.Build.0 = Debug|Any CPU
		{EC74050E-B2BE-4F69-9690-9B0155B09BAB}.Release|Any CPU.ActiveCfg = Release|Any CPU
		{EC74050E-B2BE-4F69-9690-9B0155B09BAB}.Release|Any CPU.Build.0 = Release|Any CPU
	EndGlobalSection
	GlobalSection(SolutionProperties) = preSolution
		HideSolutionNode = FALSE
	EndGlobalSection
	GlobalSection(ExtensibilityGlobals) = postSolution
		SolutionGuid = {9B44A2FE-32A4-4E32-B0FD-F2C44AEC546A}
	EndGlobalSection
EndGlobal
