
Microsoft Visual Studio Solution File, Format Version 12.00
# Visual Studio Version 17
VisualStudioVersion = 17.14.36119.2 d17.14
MinimumVisualStudioVersion = 10.0.40219.1
Project("{FAE04EC0-301F-11D3-BF4B-00C04F79EFBC}") = "DPM225461_NguyenThiBichQuan_Pattern15_Interpreter", "DPM225461_NguyenThiBichQuan_Pattern15_Interpreter.csproj", "{D89C12D6-A776-42B9-8554-0C798B09D11C}"
EndProject
Global
	GlobalSection(SolutionConfigurationPlatforms) = preSolution
		Debug|Any CPU = Debug|Any CPU
		Release|Any CPU = Release|Any CPU
	EndGlobalSection
	GlobalSection(ProjectConfigurationPlatforms) = postSolution
		{D89C12D6-A776-42B9-8554-0C798B09D11C}.Debug|Any CPU.ActiveCfg = Debug|Any CPU
		{D89C12D6-A776-42B9-8554-0C798B09D11C}.Debug|Any CPU.Build.0 = Debug|Any CPU
		{D89C12D6-A776-42B9-8554-0C798B09D11C}.Release|Any CPU.ActiveCfg = Release|Any CPU
		{D89C12D6-A776-42B9-8554-0C798B09D11C}.Release|Any CPU.Build.0 = Release|Any CPU
	EndGlobalSection
	GlobalSection(SolutionProperties) = preSolution
		HideSolutionNode = FALSE
	EndGlobalSection
	GlobalSection(ExtensibilityGlobals) = postSolution
		SolutionGuid = {67F82217-8B9A-43AA-96B1-9B8E49FF4CCF}
	EndGlobalSection
EndGlobal
