
Microsoft Visual Studio Solution File, Format Version 12.00
# Visual Studio Version 17
VisualStudioVersion = 17.14.36119.2 d17.14
MinimumVisualStudioVersion = 10.0.40219.1
Project("{FAE04EC0-301F-11D3-BF4B-00C04F79EFBC}") = "DPM225461_NguyenThiBichQuan_Real10_MortgageApplication", "DPM225461_NguyenThiBichQuan_Real10_MortgageApplication.csproj", "{3DFDE942-565B-418D-94F8-4C7415A5A715}"
EndProject
Global
	GlobalSection(SolutionConfigurationPlatforms) = preSolution
		Debug|Any CPU = Debug|Any CPU
		Release|Any CPU = Release|Any CPU
	EndGlobalSection
	GlobalSection(ProjectConfigurationPlatforms) = postSolution
		{3DFDE942-565B-418D-94F8-4C7415A5A715}.Debug|Any CPU.ActiveCfg = Debug|Any CPU
		{3DFDE942-565B-418D-94F8-4C7415A5A715}.Debug|Any CPU.Build.0 = Debug|Any CPU
		{3DFDE942-565B-418D-94F8-4C7415A5A715}.Release|Any CPU.ActiveCfg = Release|Any CPU
		{3DFDE942-565B-418D-94F8-4C7415A5A715}.Release|Any CPU.Build.0 = Release|Any CPU
	EndGlobalSection
	GlobalSection(SolutionProperties) = preSolution
		HideSolutionNode = FALSE
	EndGlobalSection
	GlobalSection(ExtensibilityGlobals) = postSolution
		SolutionGuid = {628426C9-2C97-40CA-9BA3-D64E065FE323}
	EndGlobalSection
EndGlobal
