
Microsoft Visual Studio Solution File, Format Version 12.00
# Visual Studio Version 17
VisualStudioVersion = 17.14.36119.2 d17.14
MinimumVisualStudioVersion = 10.0.40219.1
Project("{FAE04EC0-301F-11D3-BF4B-00C04F79EFBC}") = "DPM225461_NguyenThiBichQuan_Real16_Collection", "DPM225461_NguyenThiBichQuan_Real16_Collection.csproj", "{6A39BB53-CD86-49B1-A33D-84C36D5E5139}"
EndProject
Global
	GlobalSection(SolutionConfigurationPlatforms) = preSolution
		Debug|Any CPU = Debug|Any CPU
		Release|Any CPU = Release|Any CPU
	EndGlobalSection
	GlobalSection(ProjectConfigurationPlatforms) = postSolution
		{6A39BB53-CD86-49B1-A33D-84C36D5E5139}.Debug|Any CPU.ActiveCfg = Debug|Any CPU
		{6A39BB53-CD86-49B1-A33D-84C36D5E5139}.Debug|Any CPU.Build.0 = Debug|Any CPU
		{6A39BB53-CD86-49B1-A33D-84C36D5E5139}.Release|Any CPU.ActiveCfg = Release|Any CPU
		{6A39BB53-CD86-49B1-A33D-84C36D5E5139}.Release|Any CPU.Build.0 = Release|Any CPU
	EndGlobalSection
	GlobalSection(SolutionProperties) = preSolution
		HideSolutionNode = FALSE
	EndGlobalSection
	GlobalSection(ExtensibilityGlobals) = postSolution
		SolutionGuid = {316D12BB-B86A-476F-BE4A-FA62467B735B}
	EndGlobalSection
EndGlobal
