
Microsoft Visual Studio Solution File, Format Version 12.00
# Visual Studio Version 17
VisualStudioVersion = 17.14.36119.2 d17.14
MinimumVisualStudioVersion = 10.0.40219.1
Project("{FAE04EC0-301F-11D3-BF4B-00C04F79EFBC}") = "DPM225461_NguyenThiBichQuan_Pattern13_ChainOfResponsibility", "DPM225461_NguyenThiBichQuan_Pattern13_ChainOfResponsibility.csproj", "{8A85F4D3-7348-4890-A39E-F72E3A6692CC}"
EndProject
Global
	GlobalSection(SolutionConfigurationPlatforms) = preSolution
		Debug|Any CPU = Debug|Any CPU
		Release|Any CPU = Release|Any CPU
	EndGlobalSection
	GlobalSection(ProjectConfigurationPlatforms) = postSolution
		{8A85F4D3-7348-4890-A39E-F72E3A6692CC}.Debug|Any CPU.ActiveCfg = Debug|Any CPU
		{8A85F4D3-7348-4890-A39E-F72E3A6692CC}.Debug|Any CPU.Build.0 = Debug|Any CPU
		{8A85F4D3-7348-4890-A39E-F72E3A6692CC}.Release|Any CPU.ActiveCfg = Release|Any CPU
		{8A85F4D3-7348-4890-A39E-F72E3A6692CC}.Release|Any CPU.Build.0 = Release|Any CPU
	EndGlobalSection
	GlobalSection(SolutionProperties) = preSolution
		HideSolutionNode = FALSE
	EndGlobalSection
	GlobalSection(ExtensibilityGlobals) = postSolution
		SolutionGuid = {C7444ED4-59C3-435D-BE77-B022E0985B7F}
	EndGlobalSection
EndGlobal
