
Microsoft Visual Studio Solution File, Format Version 12.00
# Visual Studio Version 17
VisualStudioVersion = 17.14.36119.2
MinimumVisualStudioVersion = 10.0.40219.1
Project("{FAE04EC0-301F-11D3-BF4B-00C04F79EFBC}") = "DPM225461_NguyenThiBichQuan_Real06_ChemicalCompound", "DPM225461_NguyenThiBichQuan_Real06_ChemicalCompound.csproj", "{C11B81F6-A703-410D-9173-CBC6A388605B}"
EndProject
Global
	GlobalSection(SolutionConfigurationPlatforms) = preSolution
		Debug|Any CPU = Debug|Any CPU
		Release|Any CPU = Release|Any CPU
	EndGlobalSection
	GlobalSection(ProjectConfigurationPlatforms) = postSolution
		{C11B81F6-A703-410D-9173-CBC6A388605B}.Debug|Any CPU.ActiveCfg = Debug|Any CPU
		{C11B81F6-A703-410D-9173-CBC6A388605B}.Debug|Any CPU.Build.0 = Debug|Any CPU
		{C11B81F6-A703-410D-9173-CBC6A388605B}.Release|Any CPU.ActiveCfg = Release|Any CPU
		{C11B81F6-A703-410D-9173-CBC6A388605B}.Release|Any CPU.Build.0 = Release|Any CPU
	EndGlobalSection
	GlobalSection(SolutionProperties) = preSolution
		HideSolutionNode = FALSE
	EndGlobalSection
	GlobalSection(ExtensibilityGlobals) = postSolution
		SolutionGuid = {2C433F9E-3AC0-4B37-AE9A-E0E552B61B1C}
	EndGlobalSection
EndGlobal
