
Microsoft Visual Studio Solution File, Format Version 12.00
# Visual Studio Version 17
VisualStudioVersion = 17.10.35027.167
MinimumVisualStudioVersion = 10.0.40219.1
Project("{FAE04EC0-301F-11D3-BF4B-00C04F79EFBC}") = "DPM225461_NguyenThiBichQuan_Real02_VehicleBuilder", "DPM225461_NguyenThiBichQuan_Real02_VehicleBuilder.csproj", "{EEFB009D-8BB8-4AA4-9C0E-179E77E20D96}"
EndProject
Global
	GlobalSection(SolutionConfigurationPlatforms) = preSolution
		Debug|Any CPU = Debug|Any CPU
		Release|Any CPU = Release|Any CPU
	EndGlobalSection
	GlobalSection(ProjectConfigurationPlatforms) = postSolution
		{EEFB009D-8BB8-4AA4-9C0E-179E77E20D96}.Debug|Any CPU.ActiveCfg = Debug|Any CPU
		{EEFB009D-8BB8-4AA4-9C0E-179E77E20D96}.Debug|Any CPU.Build.0 = Debug|Any CPU
		{EEFB009D-8BB8-4AA4-9C0E-179E77E20D96}.Release|Any CPU.ActiveCfg = Release|Any CPU
		{EEFB009D-8BB8-4AA4-9C0E-179E77E20D96}.Release|Any CPU.Build.0 = Release|Any CPU
	EndGlobalSection
	GlobalSection(SolutionProperties) = preSolution
		HideSolutionNode = FALSE
	EndGlobalSection
	GlobalSection(ExtensibilityGlobals) = postSolution
		SolutionGuid = {7B879B1D-6428-4A23-BD92-ED8A290F9304}
	EndGlobalSection
EndGlobal
