
Microsoft Visual Studio Solution File, Format Version 12.00
# Visual Studio Version 17
VisualStudioVersion = 17.14.36119.2 d17.14
MinimumVisualStudioVersion = 10.0.40219.1
Project("{FAE04EC0-301F-11D3-BF4B-00C04F79EFBC}") = "DPM225461_NguyenThiBichQuan_Pattern08_Decorator", "DPM225461_NguyenThiBichQuan_Pattern08_Decorator.csproj", "{F201863A-9841-42EE-8AB1-21EA1F9205D1}"
EndProject
Global
	GlobalSection(SolutionConfigurationPlatforms) = preSolution
		Debug|Any CPU = Debug|Any CPU
		Release|Any CPU = Release|Any CPU
	EndGlobalSection
	GlobalSection(ProjectConfigurationPlatforms) = postSolution
		{F201863A-9841-42EE-8AB1-21EA1F9205D1}.Debug|Any CPU.ActiveCfg = Debug|Any CPU
		{F201863A-9841-42EE-8AB1-21EA1F9205D1}.Debug|Any CPU.Build.0 = Debug|Any CPU
		{F201863A-9841-42EE-8AB1-21EA1F9205D1}.Release|Any CPU.ActiveCfg = Release|Any CPU
		{F201863A-9841-42EE-8AB1-21EA1F9205D1}.Release|Any CPU.Build.0 = Release|Any CPU
	EndGlobalSection
	GlobalSection(SolutionProperties) = preSolution
		HideSolutionNode = FALSE
	EndGlobalSection
	GlobalSection(ExtensibilityGlobals) = postSolution
		SolutionGuid = {C8B257FA-7489-424F-B41E-E8C637715FB5}
	EndGlobalSection
EndGlobal
