
Microsoft Visual Studio Solution File, Format Version 12.00
# Visual Studio Version 17
VisualStudioVersion = 17.11.35327.3
MinimumVisualStudioVersion = 10.0.40219.1
Project("{FAE04EC0-301F-11D3-BF4B-00C04F79EFBC}") = "DPM225493_NguyenThienTri_Real23_ComputerPartsStore", "DPM225493_NguyenThienTri_Real23_ComputerPartsStore.csproj", "{96DE01E3-4D58-4BE4-BDD9-EF3ACD3BE4F1}"
EndProject
Global
	GlobalSection(SolutionConfigurationPlatforms) = preSolution
		Debug|Any CPU = Debug|Any CPU
		Release|Any CPU = Release|Any CPU
	EndGlobalSection
	GlobalSection(ProjectConfigurationPlatforms) = postSolution
		{96DE01E3-4D58-4BE4-BDD9-EF3ACD3BE4F1}.Debug|Any CPU.ActiveCfg = Debug|Any CPU
		{96DE01E3-4D58-4BE4-BDD9-EF3ACD3BE4F1}.Debug|Any CPU.Build.0 = Debug|Any CPU
		{96DE01E3-4D58-4BE4-BDD9-EF3ACD3BE4F1}.Release|Any CPU.ActiveCfg = Release|Any CPU
		{96DE01E3-4D58-4BE4-BDD9-EF3ACD3BE4F1}.Release|Any CPU.Build.0 = Release|Any CPU
	EndGlobalSection
	GlobalSection(SolutionProperties) = preSolution
		HideSolutionNode = FALSE
	EndGlobalSection
	GlobalSection(ExtensibilityGlobals) = postSolution
		SolutionGuid = {BF29AF79-FA3E-4B5C-A7A2-2F08A79C3A36}
	EndGlobalSection
EndGlobal
