
Microsoft Visual Studio Solution File, Format Version 12.00
# Visual Studio Version 17
VisualStudioVersion = 17.14.36119.2 d17.14
MinimumVisualStudioVersion = 10.0.40219.1
Project("{FAE04EC0-301F-11D3-BF4B-00C04F79EFBC}") = "DPM225461_NguyenThiBichQuan_Real08_DrawingElement", "DPM225461_NguyenThiBichQuan_Real08_DrawingElement.csproj", "{675A496B-D402-48A0-8AC7-1523CFBED258}"
EndProject
Global
	GlobalSection(SolutionConfigurationPlatforms) = preSolution
		Debug|Any CPU = Debug|Any CPU
		Release|Any CPU = Release|Any CPU
	EndGlobalSection
	GlobalSection(ProjectConfigurationPlatforms) = postSolution
		{675A496B-D402-48A0-8AC7-1523CFBED258}.Debug|Any CPU.ActiveCfg = Debug|Any CPU
		{675A496B-D402-48A0-8AC7-1523CFBED258}.Debug|Any CPU.Build.0 = Debug|Any CPU
		{675A496B-D402-48A0-8AC7-1523CFBED258}.Release|Any CPU.ActiveCfg = Release|Any CPU
		{675A496B-D402-48A0-8AC7-1523CFBED258}.Release|Any CPU.Build.0 = Release|Any CPU
	EndGlobalSection
	GlobalSection(SolutionProperties) = preSolution
		HideSolutionNode = FALSE
	EndGlobalSection
	GlobalSection(ExtensibilityGlobals) = postSolution
		SolutionGuid = {7E2BBC01-7E4C-46D9-A1DD-79155A6DD081}
	EndGlobalSection
EndGlobal
