
Microsoft Visual Studio Solution File, Format Version 12.00
# Visual Studio Version 17
VisualStudioVersion = 17.14.36119.2 d17.14
MinimumVisualStudioVersion = 10.0.40219.1
Project("{FAE04EC0-301F-11D3-BF4B-00C04F79EFBC}") = "DPM225461_NguyenThiBichQuan_Real09_LibraryItem", "DPM225461_NguyenThiBichQuan_Real09_LibraryItem.csproj", "{2682B38D-82F9-4125-A015-2C1AF1E9EC2B}"
EndProject
Global
	GlobalSection(SolutionConfigurationPlatforms) = preSolution
		Debug|Any CPU = Debug|Any CPU
		Release|Any CPU = Release|Any CPU
	EndGlobalSection
	GlobalSection(ProjectConfigurationPlatforms) = postSolution
		{2682B38D-82F9-4125-A015-2C1AF1E9EC2B}.Debug|Any CPU.ActiveCfg = Debug|Any CPU
		{2682B38D-82F9-4125-A015-2C1AF1E9EC2B}.Debug|Any CPU.Build.0 = Debug|Any CPU
		{2682B38D-82F9-4125-A015-2C1AF1E9EC2B}.Release|Any CPU.ActiveCfg = Release|Any CPU
		{2682B38D-82F9-4125-A015-2C1AF1E9EC2B}.Release|Any CPU.Build.0 = Release|Any CPU
	EndGlobalSection
	GlobalSection(SolutionProperties) = preSolution
		HideSolutionNode = FALSE
	EndGlobalSection
	GlobalSection(ExtensibilityGlobals) = postSolution
		SolutionGuid = {F494A570-9144-46AF-A663-93EE7B1925C3}
	EndGlobalSection
EndGlobal
