
Microsoft Visual Studio Solution File, Format Version 12.00
# Visual Studio Version 17
VisualStudioVersion = 17.10.35027.167
MinimumVisualStudioVersion = 10.0.40219.1
Project("{FAE04EC0-301F-11D3-BF4B-00C04F79EFBC}") = "DPM225461_NguyenThiBichQuan_Pattern02_Builder", "DPM225461_NguyenThiBichQuan_Pattern02_Builder.csproj", "{1BC74EA2-CC9B-4D41-96A0-FF385827CC78}"
EndProject
Global
	GlobalSection(SolutionConfigurationPlatforms) = preSolution
		Debug|Any CPU = Debug|Any CPU
		Release|Any CPU = Release|Any CPU
	EndGlobalSection
	GlobalSection(ProjectConfigurationPlatforms) = postSolution
		{1BC74EA2-CC9B-4D41-96A0-FF385827CC78}.Debug|Any CPU.ActiveCfg = Debug|Any CPU
		{1BC74EA2-CC9B-4D41-96A0-FF385827CC78}.Debug|Any CPU.Build.0 = Debug|Any CPU
		{1BC74EA2-CC9B-4D41-96A0-FF385827CC78}.Release|Any CPU.ActiveCfg = Release|Any CPU
		{1BC74EA2-CC9B-4D41-96A0-FF385827CC78}.Release|Any CPU.Build.0 = Release|Any CPU
	EndGlobalSection
	GlobalSection(SolutionProperties) = preSolution
		HideSolutionNode = FALSE
	EndGlobalSection
	GlobalSection(ExtensibilityGlobals) = postSolution
		SolutionGuid = {AF34E1AF-8B31-4BFF-88FA-D5E27AE531BF}
	EndGlobalSection
EndGlobal
