
Microsoft Visual Studio Solution File, Format Version 12.00
# Visual Studio Version 17
VisualStudioVersion = 17.14.36119.2
MinimumVisualStudioVersion = 10.0.40219.1
Project("{FAE04EC0-301F-11D3-BF4B-00C04F79EFBC}") = "DPM225461_NguyenThiBichQuan_Real07_BusinessObject", "DPM225461_NguyenThiBichQuan_Real07_BusinessObject.csproj", "{B0A9D968-6C99-400D-B875-BA4A18BE8EC9}"
EndProject
Global
	GlobalSection(SolutionConfigurationPlatforms) = preSolution
		Debug|Any CPU = Debug|Any CPU
		Release|Any CPU = Release|Any CPU
	EndGlobalSection
	GlobalSection(ProjectConfigurationPlatforms) = postSolution
		{B0A9D968-6C99-400D-B875-BA4A18BE8EC9}.Debug|Any CPU.ActiveCfg = Debug|Any CPU
		{B0A9D968-6C99-400D-B875-BA4A18BE8EC9}.Debug|Any CPU.Build.0 = Debug|Any CPU
		{B0A9D968-6C99-400D-B875-BA4A18BE8EC9}.Release|Any CPU.ActiveCfg = Release|Any CPU
		{B0A9D968-6C99-400D-B875-BA4A18BE8EC9}.Release|Any CPU.Build.0 = Release|Any CPU
	EndGlobalSection
	GlobalSection(SolutionProperties) = preSolution
		HideSolutionNode = FALSE
	EndGlobalSection
	GlobalSection(ExtensibilityGlobals) = postSolution
		SolutionGuid = {66B1555C-6FDC-48EA-AD5D-900FE5BA844B}
	EndGlobalSection
EndGlobal
