
Microsoft Visual Studio Solution File, Format Version 12.00
# Visual Studio Version 17
VisualStudioVersion = 17.14.36119.2
MinimumVisualStudioVersion = 10.0.40219.1
Project("{FAE04EC0-301F-11D3-BF4B-00C04F79EFBC}") = "DPM225461_NguyenThiBichQuan_Real15_RomanInterpreter", "DPM225461_NguyenThiBichQuan_Real15_RomanInterpreter.csproj", "{96BB29E1-985F-4DCB-94A0-0944671C75CB}"
EndProject
Global
	GlobalSection(SolutionConfigurationPlatforms) = preSolution
		Debug|Any CPU = Debug|Any CPU
		Release|Any CPU = Release|Any CPU
	EndGlobalSection
	GlobalSection(ProjectConfigurationPlatforms) = postSolution
		{96BB29E1-985F-4DCB-94A0-0944671C75CB}.Debug|Any CPU.ActiveCfg = Debug|Any CPU
		{96BB29E1-985F-4DCB-94A0-0944671C75CB}.Debug|Any CPU.Build.0 = Debug|Any CPU
		{96BB29E1-985F-4DCB-94A0-0944671C75CB}.Release|Any CPU.ActiveCfg = Release|Any CPU
		{96BB29E1-985F-4DCB-94A0-0944671C75CB}.Release|Any CPU.Build.0 = Release|Any CPU
	EndGlobalSection
	GlobalSection(SolutionProperties) = preSolution
		HideSolutionNode = FALSE
	EndGlobalSection
	GlobalSection(ExtensibilityGlobals) = postSolution
		SolutionGuid = {4AD619D1-DA4A-4EE4-8434-3C82FB87851B}
	EndGlobalSection
EndGlobal
